
Microsoft Visual Studio Solution File, Format Version 12.00
# Visual Studio Version 16
VisualStudioVersion = 16.0.32002.261
MinimumVisualStudioVersion = 10.0.40219.1
Project("{FAE04EC0-301F-11D3-BF4B-00C04F79EFBC}") = "Mod_2_17", "Mod_2_17\Mod_2_17.csproj", "{66EA3972-773F-4117-9F05-909195121087}"
EndProject
Global
	GlobalSection(SolutionConfigurationPlatforms) = preSolution
		Debug|Any CPU = Debug|Any CPU
		Release|Any CPU = Release|Any CPU
	EndGlobalSection
	GlobalSection(ProjectConfigurationPlatforms) = postSolution
		{66EA3972-773F-4117-9F05-909195121087}.Debug|Any CPU.ActiveCfg = Debug|Any CPU
		{66EA3972-773F-4117-9F05-909195121087}.Debug|Any CPU.Build.0 = Debug|Any CPU
		{66EA3972-773F-4117-9F05-909195121087}.Release|Any CPU.ActiveCfg = Release|Any CPU
		{66EA3972-773F-4117-9F05-909195121087}.Release|Any CPU.Build.0 = Release|Any CPU
	EndGlobalSection
	GlobalSection(SolutionProperties) = preSolution
		HideSolutionNode = FALSE
	EndGlobalSection
	GlobalSection(ExtensibilityGlobals) = postSolution
		SolutionGuid = {079227A6-60A3-4C47-B9D1-D6B4F986083E}
	EndGlobalSection
EndGlobal
